
Microsoft Visual Studio Solution File, Format Version 12.00
# Visual Studio Version 17
VisualStudioVersion = 17.3.32929.385
MinimumVisualStudioVersion = 10.0.40219.1
Project("{FAE04EC0-301F-11D3-BF4B-00C04F79EFBC}") = "Langenshtras_ant_alg", "Langenshtras_ant_alg.csproj", "{54F1ED99-CAB9-4F6F-A331-FB9E02B2B663}"
EndProject
Global
	GlobalSection(SolutionConfigurationPlatforms) = preSolution
		Debug|Any CPU = Debug|Any CPU
		Release|Any CPU = Release|Any CPU
	EndGlobalSection
	GlobalSection(ProjectConfigurationPlatforms) = postSolution
		{54F1ED99-CAB9-4F6F-A331-FB9E02B2B663}.Debug|Any CPU.ActiveCfg = Debug|Any CPU
		{54F1ED99-CAB9-4F6F-A331-FB9E02B2B663}.Debug|Any CPU.Build.0 = Debug|Any CPU
		{54F1ED99-CAB9-4F6F-A331-FB9E02B2B663}.Release|Any CPU.ActiveCfg = Release|Any CPU
		{54F1ED99-CAB9-4F6F-A331-FB9E02B2B663}.Release|Any CPU.Build.0 = Release|Any CPU
	EndGlobalSection
	GlobalSection(SolutionProperties) = preSolution
		HideSolutionNode = FALSE
	EndGlobalSection
	GlobalSection(ExtensibilityGlobals) = postSolution
		SolutionGuid = {3CD4C788-09EC-457E-AADD-3BBCE6B68B2C}
	EndGlobalSection
EndGlobal
